// !$*UTF8*$!
{
	archiveVersion = 1;
	classes = {
	};
	objectVersion = 50;
	objects = {

/* Begin PBXBuildFile section */
		AC697A6E22E8DA8500B8FE14 /* AppDelegate.swift in Sources */ = {isa = PBXBuildFile; fileRef = AC697A6D22E8DA8500B8FE14 /* AppDelegate.swift */; };
		AC697A7022E8DA8500B8FE14 /* ViewController.swift in Sources */ = {isa = PBXBuildFile; fileRef = AC697A6F22E8DA8500B8FE14 /* ViewController.swift */; };
		AC697A7322E8DA8500B8FE14 /* Main.storyboard in Resources */ = {isa = PBXBuildFile; fileRef = AC697A7122E8DA8500B8FE14 /* Main.storyboard */; };
		AC697A7522E8DA8700B8FE14 /* Assets.xcassets in Resources */ = {isa = PBXBuildFile; fileRef = AC697A7422E8DA8700B8FE14 /* Assets.xcassets */; };
		AC697A7822E8DA8700B8FE14 /* LaunchScreen.storyboard in Resources */ = {isa = PBXBuildFile; fileRef = AC697A7622E8DA8700B8FE14 /* LaunchScreen.storyboard */; };
/* End PBXBuildFile section */

/* Begin PBXFileReference section */
		AC697A6A22E8DA8500B8FE14 /* PlatziFinanzas.app */ = {isa = PBXFileReference; explicitFileType = wrapper.application; includeInIndex = 0; path = PlatziFinanzas.app; sourceTree = BUILT_PRODUCTS_DIR; };
		AC697A6D22E8DA8500B8FE14 /* AppDelegate.swift */ = {isa = PBXFileReference; lastKnownFileType = sourcecode.swift; path = AppDelegate.swift; sourceTree = "<group>"; };
		AC697A6F22E8DA8500B8FE14 /* ViewController.swift */ = {isa = PBXFileReference; lastKnownFileType = sourcecode.swift; path = ViewController.swift; sourceTree = "<group>"; };
		AC697A7222E8DA8500B8FE14 /* Base */ = {isa = PBXFileReference; lastKnownFileType = file.storyboard; name = Base; path = Base.lproj/Main.storyboard; sourceTree = "<group>"; };
		AC697A7422E8DA8700B8FE14 /* Assets.xcassets */ = {isa = PBXFileReference; lastKnownFileType = folder.assetcatalog; path = Assets.xcassets; sourceTree = "<group>"; };
		AC697A7722E8DA8700B8FE14 /* Base */ = {isa = PBXFileReference; lastKnownFileType = file.storyboard; name = Base; path = Base.lproj/LaunchScreen.storyboard; sourceTree = "<group>"; };
		AC697A7922E8DA8700B8FE14 /* Info.plist */ = {isa = PBXFileReference; lastKnownFileType = text.plist.xml; path = Info.plist; sourceTree = "<group>"; };
/* End PBXFileReference section */

/* Begin PBXFrameworksBuildPhase section */
		AC697A6722E8DA8500B8FE14 /* Frameworks */ = {
			isa = PBXFrameworksBuildPhase;
			buildActionMask = 2147483647;
			files = (
			);
			runOnlyForDeploymentPostprocessing = 0;
		};
/* End PBXFrameworksBuildPhase section */

/* Begin PBXGroup section */
		AC697A6122E8DA8500B8FE14 = {
			isa = PBXGroup;
			children = (
				AC697A6C22E8DA8500B8FE14 /* PlatziFinanzas */,
				AC697A6B22E8DA8500B8FE14 /* Products */,
			);
			sourceTree = "<group>";
		};
		AC697A6B22E8DA8500B8FE14 /* Products */ = {
			isa = PBXGroup;
			children = (
				AC697A6A22E8DA8500B8FE14 /* PlatziFinanzas.app */,
			);
			name = Products;
			sourceTree = "<group>";
		};
		AC697A6C22E8DA8500B8FE14 /* PlatziFinanzas */ = {
			isa = PBXGroup;
			children = (
				AC697A8122E8DBC600B8FE14 /* Resources */,
				AC697A8022E8DB6700B8FE14 /* Base */,
				AC697A7F22E8DB0100B8FE14 /* Application */,
			);
			path = PlatziFinanzas;
			sourceTree = "<group>";
		};
		AC697A7F22E8DB0100B8FE14 /* Application */ = {
			isa = PBXGroup;
			children = (
				AC697A8422E8DC5D00B8FE14 /* Main */,
				AC697A8322E8DC2A00B8FE14 /* Authentification */,
			);
			path = Application;
			sourceTree = "<group>";
		};
		AC697A8022E8DB6700B8FE14 /* Base */ = {
			isa = PBXGroup;
			children = (
				AC697A7922E8DA8700B8FE14 /* Info.plist */,
				AC697A7622E8DA8700B8FE14 /* LaunchScreen.storyboard */,
				AC697A6D22E8DA8500B8FE14 /* AppDelegate.swift */,
			);
			path = Base;
			sourceTree = "<group>";
		};
		AC697A8122E8DBC600B8FE14 /* Resources */ = {
			isa = PBXGroup;
			children = (
				AC697A8222E8DBF300B8FE14 /* Images */,
			);
			path = Resources;
			sourceTree = "<group>";
		};
		AC697A8222E8DBF300B8FE14 /* Images */ = {
			isa = PBXGroup;
			children = (
				AC697A7422E8DA8700B8FE14 /* Assets.xcassets */,
			);
			path = Images;
			sourceTree = "<group>";
		};
		AC697A8322E8DC2A00B8FE14 /* Authentification */ = {
			isa = PBXGroup;
			children = (
				AC697A8622E8DC8700B8FE14 /* Sign in */,
				AC697A8522E8DC6E00B8FE14 /* OnBoarding */,
			);
			path = Authentification;
			sourceTree = "<group>";
		};
		AC697A8422E8DC5D00B8FE14 /* Main */ = {
			isa = PBXGroup;
			children = (
				AC697A8922E8DCD000B8FE14 /* Main */,
				AC697A8822E8DCAA00B8FE14 /* Transactions */,
				AC697A8722E8DC9E00B8FE14 /* Profile */,
			);
			path = Main;
			sourceTree = "<group>";
		};
		AC697A8522E8DC6E00B8FE14 /* OnBoarding */ = {
			isa = PBXGroup;
			children = (
			);
			path = OnBoarding;
			sourceTree = "<group>";
		};
		AC697A8622E8DC8700B8FE14 /* Sign in */ = {
			isa = PBXGroup;
			children = (
			);
			path = "Sign in";
			sourceTree = "<group>";
		};
		AC697A8722E8DC9E00B8FE14 /* Profile */ = {
			isa = PBXGroup;
			children = (
			);
			path = Profile;
			sourceTree = "<group>";
		};
		AC697A8822E8DCAA00B8FE14 /* Transactions */ = {
			isa = PBXGroup;
			children = (
			);
			path = Transactions;
			sourceTree = "<group>";
		};
		AC697A8922E8DCD000B8FE14 /* Main */ = {
			isa = PBXGroup;
			children = (
				AC697A6F22E8DA8500B8FE14 /* ViewController.swift */,
				AC697A7122E8DA8500B8FE14 /* Main.storyboard */,
			);
			path = Main;
			sourceTree = "<group>";
		};
/* End PBXGroup section */

/* Begin PBXNativeTarget section */
		AC697A6922E8DA8500B8FE14 /* PlatziFinanzas */ = {
			isa = PBXNativeTarget;
			buildConfigurationList = AC697A7C22E8DA8700B8FE14 /* Build configuration list for PBXNativeTarget "PlatziFinanzas" */;
			buildPhases = (
				AC697A6622E8DA8500B8FE14 /* Sources */,
				AC697A6722E8DA8500B8FE14 /* Frameworks */,
				AC697A6822E8DA8500B8FE14 /* Resources */,
			);
			buildRules = (
			);
			dependencies = (
			);
			name = PlatziFinanzas;
			productName = PlatziFinanzas;
			productReference = AC697A6A22E8DA8500B8FE14 /* PlatziFinanzas.app */;
			productType = "com.apple.product-type.application";
		};
/* End PBXNativeTarget section */

/* Begin PBXProject section */
		AC697A6222E8DA8500B8FE14 /* Project object */ = {
			isa = PBXProject;
			attributes = {
				LastSwiftUpdateCheck = 1030;
				LastUpgradeCheck = 1030;
				ORGANIZATIONNAME = "Alfredo Arreola";
				TargetAttributes = {
					AC697A6922E8DA8500B8FE14 = {
						CreatedOnToolsVersion = 10.3;
					};
				};
			};
			buildConfigurationList = AC697A6522E8DA8500B8FE14 /* Build configuration list for PBXProject "PlatziFinanzas" */;
			compatibilityVersion = "Xcode 9.3";
			developmentRegion = en;
			hasScannedForEncodings = 0;
			knownRegions = (
				en,
				Base,
			);
			mainGroup = AC697A6122E8DA8500B8FE14;
			productRefGroup = AC697A6B22E8DA8500B8FE14 /* Products */;
			projectDirPath = "";
			projectRoot = "";
			targets = (
				AC697A6922E8DA8500B8FE14 /* PlatziFinanzas */,
			);
		};
/* End PBXProject section */

/* Begin PBXResourcesBuildPhase section */
		AC697A6822E8DA8500B8FE14 /* Resources */ = {
			isa = PBXResourcesBuildPhase;
			buildActionMask = 2147483647;
			files = (
				AC697A7822E8DA8700B8FE14 /* LaunchScreen.storyboard in Resources */,
				AC697A7522E8DA8700B8FE14 /* Assets.xcassets in Resources */,
				AC697A7322E8DA8500B8FE14 /* Main.storyboard in Resources */,
			);
			runOnlyForDeploymentPostprocessing = 0;
		};
/* End PBXResourcesBuildPhase section */

/* Begin PBXSourcesBuildPhase section */
		AC697A6622E8DA8500B8FE14 /* Sources */ = {
			isa = PBXSourcesBuildPhase;
			buildActionMask = 2147483647;
			files = (
				AC697A7022E8DA8500B8FE14 /* ViewController.swift in Sources */,
				AC697A6E22E8DA8500B8FE14 /* AppDelegate.swift in Sources */,
			);
			runOnlyForDeploymentPostprocessing = 0;
		};
/* End PBXSourcesBuildPhase section */

/* Begin PBXVariantGroup section */
		AC697A7122E8DA8500B8FE14 /* Main.storyboard */ = {
			isa = PBXVariantGroup;
			children = (
				AC697A7222E8DA8500B8FE14 /* Base */,
			);
			name = Main.storyboard;
			sourceTree = "<group>";
		};
		AC697A7622E8DA8700B8FE14 /* LaunchScreen.storyboard */ = {
			isa = PBXVariantGroup;
			children = (
				AC697A7722E8DA8700B8FE14 /* Base */,
			);
			name = LaunchScreen.storyboard;
			sourceTree = "<group>";
		};
/* End PBXVariantGroup section */

/* Begin XCBuildConfiguration section */
		AC697A7A22E8DA8700B8FE14 /* Debug */ = {
			isa = XCBuildConfiguration;
			buildSettings = {
				ALWAYS_SEARCH_USER_PATHS = NO;
				CLANG_ANALYZER_NONNULL = YES;
				CLANG_ANALYZER_NUMBER_OBJECT_CONVERSION = YES_AGGRESSIVE;
				CLANG_CXX_LANGUAGE_STANDARD = "gnu++14";
				CLANG_CXX_LIBRARY = "libc++";
				CLANG_ENABLE_MODULES = YES;
				CLANG_ENABLE_OBJC_ARC = YES;
				CLANG_ENABLE_OBJC_WEAK = YES;
				CLANG_WARN_BLOCK_CAPTURE_AUTORELEASING = YES;
				CLANG_WARN_BOOL_CONVERSION = YES;
				CLANG_WARN_COMMA = YES;
				CLANG_WARN_CONSTANT_CONVERSION = YES;
				CLANG_WARN_DEPRECATED_OBJC_IMPLEMENTATIONS = YES;
				CLANG_WARN_DIRECT_OBJC_ISA_USAGE = YES_ERROR;
				CLANG_WARN_DOCUMENTATION_COMMENTS = YES;
				CLANG_WARN_EMPTY_BODY = YES;
				CLANG_WARN_ENUM_CONVERSION = YES;
				CLANG_WARN_INFINITE_RECURSION = YES;
				CLANG_WARN_INT_CONVERSION = YES;
				CLANG_WARN_NON_LITERAL_NULL_CONVERSION = YES;
				CLANG_WARN_OBJC_IMPLICIT_RETAIN_SELF = YES;
				CLANG_WARN_OBJC_LITERAL_CONVERSION = YES;
				CLANG_WARN_OBJC_ROOT_CLASS = YES_ERROR;
				CLANG_WARN_RANGE_LOOP_ANALYSIS = YES;
				CLANG_WARN_STRICT_PROTOTYPES = YES;
				CLANG_WARN_SUSPICIOUS_MOVE = YES;
				CLANG_WARN_UNGUARDED_AVAILABILITY = YES_AGGRESSIVE;
				CLANG_WARN_UNREACHABLE_CODE = YES;
				CLANG_WARN__DUPLICATE_METHOD_MATCH = YES;
				CODE_SIGN_IDENTITY = "iPhone Developer";
				COPY_PHASE_STRIP = NO;
				DEBUG_INFORMATION_FORMAT = dwarf;
				ENABLE_STRICT_OBJC_MSGSEND = YES;
				ENABLE_TESTABILITY = YES;
				GCC_C_LANGUAGE_STANDARD = gnu11;
				GCC_DYNAMIC_NO_PIC = NO;
				GCC_NO_COMMON_BLOCKS = YES;
				GCC_OPTIMIZATION_LEVEL = 0;
				GCC_PREPROCESSOR_DEFINITIONS = (
					"DEBUG=1",
					"$(inherited)",
				);
				GCC_WARN_64_TO_32_BIT_CONVERSION = YES;
				GCC_WARN_ABOUT_RETURN_TYPE = YES_ERROR;
				GCC_WARN_UNDECLARED_SELECTOR = YES;
				GCC_WARN_UNINITIALIZED_AUTOS = YES_AGGRESSIVE;
				GCC_WARN_UNUSED_FUNCTION = YES;
				GCC_WARN_UNUSED_VARIABLE = YES;
				IPHONEOS_DEPLOYMENT_TARGET = 12.4;
				MTL_ENABLE_DEBUG_INFO = INCLUDE_SOURCE;
				MTL_FAST_MATH = YES;
				ONLY_ACTIVE_ARCH = YES;
				SDKROOT = iphoneos;
				SWIFT_ACTIVE_COMPILATION_CONDITIONS = DEBUG;
				SWIFT_OPTIMIZATION_LEVEL = "-Onone";
			};
			name = Debug;
		};
		AC697A7B22E8DA8700B8FE14 /* Release */ = {
			isa = XCBuildConfiguration;
			buildSettings = {
				ALWAYS_SEARCH_USER_PATHS = NO;
				CLANG_ANALYZER_NONNULL = YES;
				CLANG_ANALYZER_NUMBER_OBJECT_CONVERSION = YES_AGGRESSIVE;
				CLANG_CXX_LANGUAGE_STANDARD = "gnu++14";
				CLANG_CXX_LIBRARY = "libc++";
				CLANG_ENABLE_MODULES = YES;
				CLANG_ENABLE_OBJC_ARC = YES;
				CLANG_ENABLE_OBJC_WEAK = YES;
				CLANG_WARN_BLOCK_CAPTURE_AUTORELEASING = YES;
				CLANG_WARN_BOOL_CONVERSION = YES;
				CLANG_WARN_COMMA = YES;
				CLANG_WARN_CONSTANT_CONVERSION = YES;
				CLANG_WARN_DEPRECATED_OBJC_IMPLEMENTATIONS = YES;
				CLANG_WARN_DIRECT_OBJC_ISA_USAGE = YES_ERROR;
				CLANG_WARN_DOCUMENTATION_COMMENTS = YES;
				CLANG_WARN_EMPTY_BODY = YES;
				CLANG_WARN_ENUM_CONVERSION = YES;
				CLANG_WARN_INFINITE_RECURSION = YES;
				CLANG_WARN_INT_CONVERSION = YES;
				CLANG_WARN_NON_LITERAL_NULL_CONVERSION = YES;
				CLANG_WARN_OBJC_IMPLICIT_RETAIN_SELF = YES;
				CLANG_WARN_OBJC_LITERAL_CONVERSION = YES;
				CLANG_WARN_OBJC_ROOT_CLASS = YES_ERROR;
				CLANG_WARN_RANGE_LOOP_ANALYSIS = YES;
				CLANG_WARN_STRICT_PROTOTYPES = YES;
				CLANG_WARN_SUSPICIOUS_MOVE = YES;
				CLANG_WARN_UNGUARDED_AVAILABILITY = YES_AGGRESSIVE;
				CLANG_WARN_UNREACHABLE_CODE = YES;
				CLANG_WARN__DUPLICATE_METHOD_MATCH = YES;
				CODE_SIGN_IDENTITY = "iPhone Developer";
				COPY_PHASE_STRIP = NO;
				DEBUG_INFORMATION_FORMAT = "dwarf-with-dsym";
				ENABLE_NS_ASSERTIONS = NO;
				ENABLE_STRICT_OBJC_MSGSEND = YES;
				GCC_C_LANGUAGE_STANDARD = gnu11;
				GCC_NO_COMMON_BLOCKS = YES;
				GCC_WARN_64_TO_32_BIT_CONVERSION = YES;
				GCC_WARN_ABOUT_RETURN_TYPE = YES_ERROR;
				GCC_WARN_UNDECLARED_SELECTOR = YES;
				GCC_WARN_UNINITIALIZED_AUTOS = YES_AGGRESSIVE;
				GCC_WARN_UNUSED_FUNCTION = YES;
				GCC_WARN_UNUSED_VARIABLE = YES;
				IPHONEOS_DEPLOYMENT_TARGET = 12.4;
				MTL_ENABLE_DEBUG_INFO = NO;
				MTL_FAST_MATH = YES;
				SDKROOT = iphoneos;
				SWIFT_COMPILATION_MODE = wholemodule;
				SWIFT_OPTIMIZATION_LEVEL = "-O";
				VALIDATE_PRODUCT = YES;
			};
			name = Release;
		};
		AC697A7D22E8DA8700B8FE14 /* Debug */ = {
			isa = XCBuildConfiguration;
			buildSettings = {
				ASSETCATALOG_COMPILER_APPICON_NAME = AppIcon;
				CODE_SIGN_STYLE = Automatic;
				INFOPLIST_FILE = "$(SRCROOT)/PlatziFinanzas/Base/Info.plist";
				LD_RUNPATH_SEARCH_PATHS = (
					"$(inherited)",
					"@executable_path/Frameworks",
				);
				PRODUCT_BUNDLE_IDENTIFIER = cambios.PlatziFinanzas;
				PRODUCT_NAME = "$(TARGET_NAME)";
				SWIFT_VERSION = 5.0;
				TARGETED_DEVICE_FAMILY = "1,2";
			};
			name = Debug;
		};
		AC697A7E22E8DA8700B8FE14 /* Release */ = {
			isa = XCBuildConfiguration;
			buildSettings = {
				ASSETCATALOG_COMPILER_APPICON_NAME = AppIcon;
				CODE_SIGN_STYLE = Automatic;
				INFOPLIST_FILE = "$(SRCROOT)/PlatziFinanzas/Base/Info.plist";
				LD_RUNPATH_SEARCH_PATHS = (
					"$(inherited)",
					"@executable_path/Frameworks",
				);
				PRODUCT_BUNDLE_IDENTIFIER = cambios.PlatziFinanzas;
				PRODUCT_NAME = "$(TARGET_NAME)";
				SWIFT_VERSION = 5.0;
				TARGETED_DEVICE_FAMILY = "1,2";
			};
			name = Release;
		};
/* End XCBuildConfiguration section */

/* Begin XCConfigurationList section */
		AC697A6522E8DA8500B8FE14 /* Build configuration list for PBXProject "PlatziFinanzas" */ = {
			isa = XCConfigurationList;
			buildConfigurations = (
				AC697A7A22E8DA8700B8FE14 /* Debug */,
				AC697A7B22E8DA8700B8FE14 /* Release */,
			);
			defaultConfigurationIsVisible = 0;
			defaultConfigurationName = Release;
		};
		AC697A7C22E8DA8700B8FE14 /* Build configuration list for PBXNativeTarget "PlatziFinanzas" */ = {
			isa = XCConfigurationList;
			buildConfigurations = (
				AC697A7D22E8DA8700B8FE14 /* Debug */,
				AC697A7E22E8DA8700B8FE14 /* Release */,
			);
			defaultConfigurationIsVisible = 0;
			defaultConfigurationName = Release;
		};
/* End XCConfigurationList section */
	};
	rootObject = AC697A6222E8DA8500B8FE14 /* Project object */;
}
